
Microsoft Visual Studio Solution File, Format Version 12.00
# Visual Studio Version 16
VisualStudioVersion = 16.0.30907.101
MinimumVisualStudioVersion = 10.0.40219.1
Project("{FAE04EC0-301F-11D3-BF4B-00C04F79EFBC}") = "Validators", "Validators.csproj", "{B9AAE3AF-F3BF-476C-B954-EF125AF13DFD}"
EndProject
Global
	GlobalSection(SolutionConfigurationPlatforms) = preSolution
		Debug|Any CPU = Debug|Any CPU
		Release|Any CPU = Release|Any CPU
	EndGlobalSection
	GlobalSection(ProjectConfigurationPlatforms) = postSolution
		{B9AAE3AF-F3BF-476C-B954-EF125AF13DFD}.Debug|Any CPU.ActiveCfg = Debug|Any CPU
		{B9AAE3AF-F3BF-476C-B954-EF125AF13DFD}.Debug|Any CPU.Build.0 = Debug|Any CPU
		{B9AAE3AF-F3BF-476C-B954-EF125AF13DFD}.Release|Any CPU.ActiveCfg = Release|Any CPU
		{B9AAE3AF-F3BF-476C-B954-EF125AF13DFD}.Release|Any CPU.Build.0 = Release|Any CPU
	EndGlobalSection
	GlobalSection(SolutionProperties) = preSolution
		HideSolutionNode = FALSE
	EndGlobalSection
	GlobalSection(ExtensibilityGlobals) = postSolution
		SolutionGuid = {5D444865-172D-4583-8488-4D7BE3E5F927}
	EndGlobalSection
EndGlobal
